
Microsoft Visual Studio Solution File, Format Version 12.00
# Visual Studio Version 17
VisualStudioVersion = 17.0.31903.59
MinimumVisualStudioVersion = 10.0.40219.1
Project("{2150E333-8FDC-42A3-9474-1A3956D46DE8}") = "Lab1", "Lab1", "{6C2D9292-8D3E-4F1C-9ED6-359E6968E068}"
EndProject
Project("{9A19103F-16F7-4668-BE54-9A1E7A4F7556}") = "App", "Lab1\App\App.csproj", "{4453FA01-B948-4AB4-AE1D-ED3D5ADCA99F}"
EndProject
Project("{9A19103F-16F7-4668-BE54-9A1E7A4F7556}") = "Tests", "Lab1\Tests\Tests.csproj", "{371BA6D7-F1E6-4B2A-9007-7D0AF3C051D0}"
EndProject
Project("{2150E333-8FDC-42A3-9474-1A3956D46DE8}") = "Lab2", "Lab2", "{92A1908D-E076-439C-A039-2FFC629A867C}"
EndProject
Project("{9A19103F-16F7-4668-BE54-9A1E7A4F7556}") = "App", "Lab2\App\App.csproj", "{05736FDC-1C0B-45C1-AD00-6B2B617677F2}"
EndProject
Project("{9A19103F-16F7-4668-BE54-9A1E7A4F7556}") = "Tests", "Lab2\Tests\Tests.csproj", "{A4E29B38-F343-40B0-B938-AAD6C774956B}"
EndProject
Project("{2150E333-8FDC-42A3-9474-1A3956D46DE8}") = "Lab3", "Lab3", "{88151257-0D90-492B-85C1-2F1A85ED05C1}"
EndProject
Project("{FAE04EC0-301F-11D3-BF4B-00C04F79EFBC}") = "App", "Lab3\App\App.csproj", "{0C6095F8-D0AE-479F-9FCC-5422ACF06AC9}"
EndProject
Project("{FAE04EC0-301F-11D3-BF4B-00C04F79EFBC}") = "Tests", "Lab3\Tests\Tests.csproj", "{6520235F-04EE-4C32-BD83-255DB4CA33DE}"
EndProject
Global
	GlobalSection(SolutionConfigurationPlatforms) = preSolution
		Debug|Any CPU = Debug|Any CPU
		Release|Any CPU = Release|Any CPU
	EndGlobalSection
	GlobalSection(ProjectConfigurationPlatforms) = postSolution
		{4453FA01-B948-4AB4-AE1D-ED3D5ADCA99F}.Debug|Any CPU.ActiveCfg = Debug|Any CPU
		{4453FA01-B948-4AB4-AE1D-ED3D5ADCA99F}.Debug|Any CPU.Build.0 = Debug|Any CPU
		{4453FA01-B948-4AB4-AE1D-ED3D5ADCA99F}.Release|Any CPU.ActiveCfg = Release|Any CPU
		{4453FA01-B948-4AB4-AE1D-ED3D5ADCA99F}.Release|Any CPU.Build.0 = Release|Any CPU
		{371BA6D7-F1E6-4B2A-9007-7D0AF3C051D0}.Debug|Any CPU.ActiveCfg = Debug|Any CPU
		{371BA6D7-F1E6-4B2A-9007-7D0AF3C051D0}.Debug|Any CPU.Build.0 = Debug|Any CPU
		{371BA6D7-F1E6-4B2A-9007-7D0AF3C051D0}.Release|Any CPU.ActiveCfg = Release|Any CPU
		{371BA6D7-F1E6-4B2A-9007-7D0AF3C051D0}.Release|Any CPU.Build.0 = Release|Any CPU
		{05736FDC-1C0B-45C1-AD00-6B2B617677F2}.Debug|Any CPU.ActiveCfg = Debug|Any CPU
		{05736FDC-1C0B-45C1-AD00-6B2B617677F2}.Debug|Any CPU.Build.0 = Debug|Any CPU
		{05736FDC-1C0B-45C1-AD00-6B2B617677F2}.Release|Any CPU.ActiveCfg = Release|Any CPU
		{05736FDC-1C0B-45C1-AD00-6B2B617677F2}.Release|Any CPU.Build.0 = Release|Any CPU
		{A4E29B38-F343-40B0-B938-AAD6C774956B}.Debug|Any CPU.ActiveCfg = Debug|Any CPU
		{A4E29B38-F343-40B0-B938-AAD6C774956B}.Debug|Any CPU.Build.0 = Debug|Any CPU
		{A4E29B38-F343-40B0-B938-AAD6C774956B}.Release|Any CPU.ActiveCfg = Release|Any CPU
		{A4E29B38-F343-40B0-B938-AAD6C774956B}.Release|Any CPU.Build.0 = Release|Any CPU
		{0C6095F8-D0AE-479F-9FCC-5422ACF06AC9}.Debug|Any CPU.ActiveCfg = Debug|Any CPU
		{0C6095F8-D0AE-479F-9FCC-5422ACF06AC9}.Debug|Any CPU.Build.0 = Debug|Any CPU
		{0C6095F8-D0AE-479F-9FCC-5422ACF06AC9}.Release|Any CPU.ActiveCfg = Release|Any CPU
		{0C6095F8-D0AE-479F-9FCC-5422ACF06AC9}.Release|Any CPU.Build.0 = Release|Any CPU
		{6520235F-04EE-4C32-BD83-255DB4CA33DE}.Debug|Any CPU.ActiveCfg = Debug|Any CPU
		{6520235F-04EE-4C32-BD83-255DB4CA33DE}.Debug|Any CPU.Build.0 = Debug|Any CPU
		{6520235F-04EE-4C32-BD83-255DB4CA33DE}.Release|Any CPU.ActiveCfg = Release|Any CPU
		{6520235F-04EE-4C32-BD83-255DB4CA33DE}.Release|Any CPU.Build.0 = Release|Any CPU
	EndGlobalSection
	GlobalSection(SolutionProperties) = preSolution
		HideSolutionNode = FALSE
	EndGlobalSection
	GlobalSection(NestedProjects) = preSolution
		{4453FA01-B948-4AB4-AE1D-ED3D5ADCA99F} = {6C2D9292-8D3E-4F1C-9ED6-359E6968E068}
		{371BA6D7-F1E6-4B2A-9007-7D0AF3C051D0} = {6C2D9292-8D3E-4F1C-9ED6-359E6968E068}
		{05736FDC-1C0B-45C1-AD00-6B2B617677F2} = {92A1908D-E076-439C-A039-2FFC629A867C}
		{A4E29B38-F343-40B0-B938-AAD6C774956B} = {92A1908D-E076-439C-A039-2FFC629A867C}
		{0C6095F8-D0AE-479F-9FCC-5422ACF06AC9} = {88151257-0D90-492B-85C1-2F1A85ED05C1}
		{6520235F-04EE-4C32-BD83-255DB4CA33DE} = {88151257-0D90-492B-85C1-2F1A85ED05C1}
	EndGlobalSection
	GlobalSection(ExtensibilityGlobals) = postSolution
		SolutionGuid = {293B8C37-B882-46E5-95F9-59132F73D508}
	EndGlobalSection
EndGlobal
