
Microsoft Visual Studio Solution File, Format Version 12.00
# Visual Studio Version 17
VisualStudioVersion = 17.0.31903.59
MinimumVisualStudioVersion = 10.0.40219.1
Project("{2150E333-8FDC-42A3-9474-1A3956D46DE8}") = "Lab1", "Lab1", "{6C2D9292-8D3E-4F1C-9ED6-359E6968E068}"
EndProject
Project("{9A19103F-16F7-4668-BE54-9A1E7A4F7556}") = "App", "Lab1\App\App.csproj", "{4453FA01-B948-4AB4-AE1D-ED3D5ADCA99F}"
EndProject
Project("{9A19103F-16F7-4668-BE54-9A1E7A4F7556}") = "Tests", "Lab1\Tests\Tests.csproj", "{371BA6D7-F1E6-4B2A-9007-7D0AF3C051D0}"
EndProject
Project("{2150E333-8FDC-42A3-9474-1A3956D46DE8}") = "Lab2", "Lab2", "{92A1908D-E076-439C-A039-2FFC629A867C}"
EndProject
Project("{9A19103F-16F7-4668-BE54-9A1E7A4F7556}") = "App", "Lab2\App\App.csproj", "{05736FDC-1C0B-45C1-AD00-6B2B617677F2}"
EndProject
Project("{9A19103F-16F7-4668-BE54-9A1E7A4F7556}") = "Tests", "Lab2\Tests\Tests.csproj", "{A4E29B38-F343-40B0-B938-AAD6C774956B}"
EndProject
Project("{2150E333-8FDC-42A3-9474-1A3956D46DE8}") = "Lab3", "Lab3", "{88151257-0D90-492B-85C1-2F1A85ED05C1}"
EndProject
Project("{9A19103F-16F7-4668-BE54-9A1E7A4F7556}") = "App", "Lab3\App\App.csproj", "{0C6095F8-D0AE-479F-9FCC-5422ACF06AC9}"
EndProject
Project("{9A19103F-16F7-4668-BE54-9A1E7A4F7556}") = "Tests", "Lab3\Tests\Tests.csproj", "{6520235F-04EE-4C32-BD83-255DB4CA33DE}"
EndProject
Project("{2150E333-8FDC-42A3-9474-1A3956D46DE8}") = "Lab4", "Lab4", "{8D7BE5C7-360D-448A-B751-EC4C420C6601}"
EndProject
Project("{9A19103F-16F7-4668-BE54-9A1E7A4F7556}") = "App", "Lab4\App\App.csproj", "{A3CC49E9-21A1-4F3A-8998-40EF3ED2865A}"
EndProject
Project("{9A19103F-16F7-4668-BE54-9A1E7A4F7556}") = "ClassLib", "Lab4\ClassLib\ClassLib.csproj", "{85D13204-0FDF-43E0-9932-7EFF36FC4710}"
EndProject
Project("{2150E333-8FDC-42A3-9474-1A3956D46DE8}") = "Lab5", "Lab5", "{39943DB3-1FAA-4FF6-B3B1-0263E24A001A}"
EndProject
Project("{9A19103F-16F7-4668-BE54-9A1E7A4F7556}") = "App", "Lab5\App\App.csproj", "{CB316421-F7B4-40A2-B52C-7005E4882ED0}"
EndProject
Project("{9A19103F-16F7-4668-BE54-9A1E7A4F7556}") = "ClassLib", "Lab5\ClassLib\ClassLib.csproj", "{ADEA2256-DCAF-4091-8808-BF69EBDA6278}"
EndProject
Project("{2150E333-8FDC-42A3-9474-1A3956D46DE8}") = "Lab6", "Lab6", "{827BACCB-AA55-4EDA-9A61-3954936DCDAB}"
EndProject
Project("{FAE04EC0-301F-11D3-BF4B-00C04F79EFBC}") = "App", "Lab6\App\App.csproj", "{C1D45F3F-0AE1-4122-A60C-1F7C6BF15616}"
EndProject
Project("{FAE04EC0-301F-11D3-BF4B-00C04F79EFBC}") = "App.Models", "Lab6\App.Models\App.Models.csproj", "{2C9F1431-6E06-490A-97C7-04020D2C2C5E}"
EndProject
Project("{FAE04EC0-301F-11D3-BF4B-00C04F79EFBC}") = "App.Postgres", "Lab6\App.Postgres\App.Postgres.csproj", "{37A17B3C-3C0D-4E44-9557-9726A87A3FFA}"
EndProject
Project("{FAE04EC0-301F-11D3-BF4B-00C04F79EFBC}") = "App.Sqlite", "Lab6\App.Sqlite\App.Sqlite.csproj", "{7079571C-C9C6-4026-90A9-D3818F228EDC}"
EndProject
Project("{FAE04EC0-301F-11D3-BF4B-00C04F79EFBC}") = "App.SqlServer", "Lab6\App.SqlServer\App.SqlServer.csproj", "{DA461576-9DBF-46F3-814C-3ED90AD2574F}"
EndProject
Global
	GlobalSection(SolutionConfigurationPlatforms) = preSolution
		Debug|Any CPU = Debug|Any CPU
		Release|Any CPU = Release|Any CPU
	EndGlobalSection
	GlobalSection(ProjectConfigurationPlatforms) = postSolution
		{4453FA01-B948-4AB4-AE1D-ED3D5ADCA99F}.Debug|Any CPU.ActiveCfg = Debug|Any CPU
		{4453FA01-B948-4AB4-AE1D-ED3D5ADCA99F}.Debug|Any CPU.Build.0 = Debug|Any CPU
		{4453FA01-B948-4AB4-AE1D-ED3D5ADCA99F}.Release|Any CPU.ActiveCfg = Release|Any CPU
		{4453FA01-B948-4AB4-AE1D-ED3D5ADCA99F}.Release|Any CPU.Build.0 = Release|Any CPU
		{371BA6D7-F1E6-4B2A-9007-7D0AF3C051D0}.Debug|Any CPU.ActiveCfg = Debug|Any CPU
		{371BA6D7-F1E6-4B2A-9007-7D0AF3C051D0}.Debug|Any CPU.Build.0 = Debug|Any CPU
		{371BA6D7-F1E6-4B2A-9007-7D0AF3C051D0}.Release|Any CPU.ActiveCfg = Release|Any CPU
		{371BA6D7-F1E6-4B2A-9007-7D0AF3C051D0}.Release|Any CPU.Build.0 = Release|Any CPU
		{05736FDC-1C0B-45C1-AD00-6B2B617677F2}.Debug|Any CPU.ActiveCfg = Debug|Any CPU
		{05736FDC-1C0B-45C1-AD00-6B2B617677F2}.Debug|Any CPU.Build.0 = Debug|Any CPU
		{05736FDC-1C0B-45C1-AD00-6B2B617677F2}.Release|Any CPU.ActiveCfg = Release|Any CPU
		{05736FDC-1C0B-45C1-AD00-6B2B617677F2}.Release|Any CPU.Build.0 = Release|Any CPU
		{A4E29B38-F343-40B0-B938-AAD6C774956B}.Debug|Any CPU.ActiveCfg = Debug|Any CPU
		{A4E29B38-F343-40B0-B938-AAD6C774956B}.Debug|Any CPU.Build.0 = Debug|Any CPU
		{A4E29B38-F343-40B0-B938-AAD6C774956B}.Release|Any CPU.ActiveCfg = Release|Any CPU
		{A4E29B38-F343-40B0-B938-AAD6C774956B}.Release|Any CPU.Build.0 = Release|Any CPU
		{0C6095F8-D0AE-479F-9FCC-5422ACF06AC9}.Debug|Any CPU.ActiveCfg = Debug|Any CPU
		{0C6095F8-D0AE-479F-9FCC-5422ACF06AC9}.Debug|Any CPU.Build.0 = Debug|Any CPU
		{0C6095F8-D0AE-479F-9FCC-5422ACF06AC9}.Release|Any CPU.ActiveCfg = Release|Any CPU
		{0C6095F8-D0AE-479F-9FCC-5422ACF06AC9}.Release|Any CPU.Build.0 = Release|Any CPU
		{6520235F-04EE-4C32-BD83-255DB4CA33DE}.Debug|Any CPU.ActiveCfg = Debug|Any CPU
		{6520235F-04EE-4C32-BD83-255DB4CA33DE}.Debug|Any CPU.Build.0 = Debug|Any CPU
		{6520235F-04EE-4C32-BD83-255DB4CA33DE}.Release|Any CPU.ActiveCfg = Release|Any CPU
		{6520235F-04EE-4C32-BD83-255DB4CA33DE}.Release|Any CPU.Build.0 = Release|Any CPU
		{A3CC49E9-21A1-4F3A-8998-40EF3ED2865A}.Debug|Any CPU.ActiveCfg = Debug|Any CPU
		{A3CC49E9-21A1-4F3A-8998-40EF3ED2865A}.Debug|Any CPU.Build.0 = Debug|Any CPU
		{A3CC49E9-21A1-4F3A-8998-40EF3ED2865A}.Release|Any CPU.ActiveCfg = Release|Any CPU
		{A3CC49E9-21A1-4F3A-8998-40EF3ED2865A}.Release|Any CPU.Build.0 = Release|Any CPU
		{85D13204-0FDF-43E0-9932-7EFF36FC4710}.Debug|Any CPU.ActiveCfg = Debug|Any CPU
		{85D13204-0FDF-43E0-9932-7EFF36FC4710}.Debug|Any CPU.Build.0 = Debug|Any CPU
		{85D13204-0FDF-43E0-9932-7EFF36FC4710}.Release|Any CPU.ActiveCfg = Release|Any CPU
		{85D13204-0FDF-43E0-9932-7EFF36FC4710}.Release|Any CPU.Build.0 = Release|Any CPU
		{CB316421-F7B4-40A2-B52C-7005E4882ED0}.Debug|Any CPU.ActiveCfg = Debug|Any CPU
		{CB316421-F7B4-40A2-B52C-7005E4882ED0}.Debug|Any CPU.Build.0 = Debug|Any CPU
		{CB316421-F7B4-40A2-B52C-7005E4882ED0}.Release|Any CPU.ActiveCfg = Release|Any CPU
		{CB316421-F7B4-40A2-B52C-7005E4882ED0}.Release|Any CPU.Build.0 = Release|Any CPU
		{ADEA2256-DCAF-4091-8808-BF69EBDA6278}.Debug|Any CPU.ActiveCfg = Debug|Any CPU
		{ADEA2256-DCAF-4091-8808-BF69EBDA6278}.Debug|Any CPU.Build.0 = Debug|Any CPU
		{ADEA2256-DCAF-4091-8808-BF69EBDA6278}.Release|Any CPU.ActiveCfg = Release|Any CPU
		{ADEA2256-DCAF-4091-8808-BF69EBDA6278}.Release|Any CPU.Build.0 = Release|Any CPU
		{C1D45F3F-0AE1-4122-A60C-1F7C6BF15616}.Debug|Any CPU.ActiveCfg = Debug|Any CPU
		{C1D45F3F-0AE1-4122-A60C-1F7C6BF15616}.Debug|Any CPU.Build.0 = Debug|Any CPU
		{C1D45F3F-0AE1-4122-A60C-1F7C6BF15616}.Release|Any CPU.ActiveCfg = Release|Any CPU
		{C1D45F3F-0AE1-4122-A60C-1F7C6BF15616}.Release|Any CPU.Build.0 = Release|Any CPU
		{2C9F1431-6E06-490A-97C7-04020D2C2C5E}.Debug|Any CPU.ActiveCfg = Debug|Any CPU
		{2C9F1431-6E06-490A-97C7-04020D2C2C5E}.Debug|Any CPU.Build.0 = Debug|Any CPU
		{2C9F1431-6E06-490A-97C7-04020D2C2C5E}.Release|Any CPU.ActiveCfg = Release|Any CPU
		{2C9F1431-6E06-490A-97C7-04020D2C2C5E}.Release|Any CPU.Build.0 = Release|Any CPU
		{37A17B3C-3C0D-4E44-9557-9726A87A3FFA}.Debug|Any CPU.ActiveCfg = Debug|Any CPU
		{37A17B3C-3C0D-4E44-9557-9726A87A3FFA}.Debug|Any CPU.Build.0 = Debug|Any CPU
		{37A17B3C-3C0D-4E44-9557-9726A87A3FFA}.Release|Any CPU.ActiveCfg = Release|Any CPU
		{37A17B3C-3C0D-4E44-9557-9726A87A3FFA}.Release|Any CPU.Build.0 = Release|Any CPU
		{7079571C-C9C6-4026-90A9-D3818F228EDC}.Debug|Any CPU.ActiveCfg = Debug|Any CPU
		{7079571C-C9C6-4026-90A9-D3818F228EDC}.Debug|Any CPU.Build.0 = Debug|Any CPU
		{7079571C-C9C6-4026-90A9-D3818F228EDC}.Release|Any CPU.ActiveCfg = Release|Any CPU
		{7079571C-C9C6-4026-90A9-D3818F228EDC}.Release|Any CPU.Build.0 = Release|Any CPU
		{DA461576-9DBF-46F3-814C-3ED90AD2574F}.Debug|Any CPU.ActiveCfg = Debug|Any CPU
		{DA461576-9DBF-46F3-814C-3ED90AD2574F}.Debug|Any CPU.Build.0 = Debug|Any CPU
		{DA461576-9DBF-46F3-814C-3ED90AD2574F}.Release|Any CPU.ActiveCfg = Release|Any CPU
		{DA461576-9DBF-46F3-814C-3ED90AD2574F}.Release|Any CPU.Build.0 = Release|Any CPU
	EndGlobalSection
	GlobalSection(SolutionProperties) = preSolution
		HideSolutionNode = FALSE
	EndGlobalSection
	GlobalSection(NestedProjects) = preSolution
		{4453FA01-B948-4AB4-AE1D-ED3D5ADCA99F} = {6C2D9292-8D3E-4F1C-9ED6-359E6968E068}
		{371BA6D7-F1E6-4B2A-9007-7D0AF3C051D0} = {6C2D9292-8D3E-4F1C-9ED6-359E6968E068}
		{05736FDC-1C0B-45C1-AD00-6B2B617677F2} = {92A1908D-E076-439C-A039-2FFC629A867C}
		{A4E29B38-F343-40B0-B938-AAD6C774956B} = {92A1908D-E076-439C-A039-2FFC629A867C}
		{0C6095F8-D0AE-479F-9FCC-5422ACF06AC9} = {88151257-0D90-492B-85C1-2F1A85ED05C1}
		{6520235F-04EE-4C32-BD83-255DB4CA33DE} = {88151257-0D90-492B-85C1-2F1A85ED05C1}
		{A3CC49E9-21A1-4F3A-8998-40EF3ED2865A} = {8D7BE5C7-360D-448A-B751-EC4C420C6601}
		{85D13204-0FDF-43E0-9932-7EFF36FC4710} = {8D7BE5C7-360D-448A-B751-EC4C420C6601}
		{CB316421-F7B4-40A2-B52C-7005E4882ED0} = {39943DB3-1FAA-4FF6-B3B1-0263E24A001A}
		{ADEA2256-DCAF-4091-8808-BF69EBDA6278} = {39943DB3-1FAA-4FF6-B3B1-0263E24A001A}
		{C1D45F3F-0AE1-4122-A60C-1F7C6BF15616} = {827BACCB-AA55-4EDA-9A61-3954936DCDAB}
		{2C9F1431-6E06-490A-97C7-04020D2C2C5E} = {827BACCB-AA55-4EDA-9A61-3954936DCDAB}
		{37A17B3C-3C0D-4E44-9557-9726A87A3FFA} = {827BACCB-AA55-4EDA-9A61-3954936DCDAB}
		{7079571C-C9C6-4026-90A9-D3818F228EDC} = {827BACCB-AA55-4EDA-9A61-3954936DCDAB}
		{DA461576-9DBF-46F3-814C-3ED90AD2574F} = {827BACCB-AA55-4EDA-9A61-3954936DCDAB}
	EndGlobalSection
	GlobalSection(ExtensibilityGlobals) = postSolution
		SolutionGuid = {293B8C37-B882-46E5-95F9-59132F73D508}
	EndGlobalSection
EndGlobal
