
Microsoft Visual Studio Solution File, Format Version 12.00
# Visual Studio Version 17
VisualStudioVersion = 17.11.35222.181
MinimumVisualStudioVersion = 10.0.40219.1
Project("{FAE04EC0-301F-11D3-BF4B-00C04F79EFBC}") = "App", "App\App.csproj", "{1247BF9E-61FB-4642-B160-03A9E6192DD5}"
EndProject
Project("{FAE04EC0-301F-11D3-BF4B-00C04F79EFBC}") = "Tests", "Tests\Tests.csproj", "{2B705DCD-4B2D-4482-A911-16D9E505D732}"
EndProject
Global
	GlobalSection(SolutionConfigurationPlatforms) = preSolution
		Debug|Any CPU = Debug|Any CPU
		Release|Any CPU = Release|Any CPU
	EndGlobalSection
	GlobalSection(ProjectConfigurationPlatforms) = postSolution
		{1247BF9E-61FB-4642-B160-03A9E6192DD5}.Debug|Any CPU.ActiveCfg = Debug|Any CPU
		{1247BF9E-61FB-4642-B160-03A9E6192DD5}.Debug|Any CPU.Build.0 = Debug|Any CPU
		{1247BF9E-61FB-4642-B160-03A9E6192DD5}.Release|Any CPU.ActiveCfg = Release|Any CPU
		{1247BF9E-61FB-4642-B160-03A9E6192DD5}.Release|Any CPU.Build.0 = Release|Any CPU
		{2B705DCD-4B2D-4482-A911-16D9E505D732}.Debug|Any CPU.ActiveCfg = Debug|Any CPU
		{2B705DCD-4B2D-4482-A911-16D9E505D732}.Debug|Any CPU.Build.0 = Debug|Any CPU
		{2B705DCD-4B2D-4482-A911-16D9E505D732}.Release|Any CPU.ActiveCfg = Release|Any CPU
		{2B705DCD-4B2D-4482-A911-16D9E505D732}.Release|Any CPU.Build.0 = Release|Any CPU
	EndGlobalSection
	GlobalSection(SolutionProperties) = preSolution
		HideSolutionNode = FALSE
	EndGlobalSection
	GlobalSection(ExtensibilityGlobals) = postSolution
		SolutionGuid = {2F5F88BF-64AF-4DEE-9815-43A49E9ADA44}
	EndGlobalSection
EndGlobal
